
Microsoft Visual Studio Solution File, Format Version 12.00
# Visual Studio Version 17
VisualStudioVersion = 17.6.33717.318
MinimumVisualStudioVersion = 10.0.40219.1
Project("{FAE04EC0-301F-11D3-BF4B-00C04F79EFBC}") = "MyFirstProjectC", "MyFirstProjectC\MyFirstProjectC.csproj", "{81AF5885-C3D7-408C-AF77-DA9264536A95}"
EndProject
Global
	GlobalSection(SolutionConfigurationPlatforms) = preSolution
		Debug|Any CPU = Debug|Any CPU
		Release|Any CPU = Release|Any CPU
	EndGlobalSection
	GlobalSection(ProjectConfigurationPlatforms) = postSolution
		{81AF5885-C3D7-408C-AF77-DA9264536A95}.Debug|Any CPU.ActiveCfg = Debug|Any CPU
		{81AF5885-C3D7-408C-AF77-DA9264536A95}.Debug|Any CPU.Build.0 = Debug|Any CPU
		{81AF5885-C3D7-408C-AF77-DA9264536A95}.Release|Any CPU.ActiveCfg = Release|Any CPU
		{81AF5885-C3D7-408C-AF77-DA9264536A95}.Release|Any CPU.Build.0 = Release|Any CPU
	EndGlobalSection
	GlobalSection(SolutionProperties) = preSolution
		HideSolutionNode = FALSE
	EndGlobalSection
	GlobalSection(ExtensibilityGlobals) = postSolution
		SolutionGuid = {6D16AAA2-40A4-43D8-A20F-B64A2630498A}
	EndGlobalSection
EndGlobal
